
Microsoft Visual Studio Solution File, Format Version 12.00
# Visual Studio 2013
VisualStudioVersion = 12.0.21005.1
MinimumVisualStudioVersion = 10.0.40219.1
Project("{FAE04EC0-301F-11D3-BF4B-00C04F79EFBC}") = "Tester.PCL", "Tester.PCL/Tester.PCL.csproj", "{3190e9a7-30bc-4fcb-b161-27faaefae993}"
EndProject
Project("{FAE04EC0-301F-11D3-BF4B-00C04F79EFBC}") = "Tester.Tests", "Tester.Tests/Tester.Tests.csproj", "{4cd02d23-aced-4f83-b454-b933e82597c5}"
EndProject
Global
    GlobalSection(SolutionConfigurationPlatforms) = preSolution
        Debug|Any CPU = Debug|Any CPU
        Release|Any CPU = Release|Any CPU
    EndGlobalSection
    GlobalSection(ProjectConfigurationPlatforms) = postSolution
        {3190e9a7-30bc-4fcb-b161-27faaefae993}.Debug|Any CPU.ActiveCfg = Debug|Any CPU
        {3190e9a7-30bc-4fcb-b161-27faaefae993}.Debug|Any CPU.Build.0 = Debug|Any CPU
        {3190e9a7-30bc-4fcb-b161-27faaefae993}.Release|Any CPU.ActiveCfg = Release|Any CPU
        {3190e9a7-30bc-4fcb-b161-27faaefae993}.Release|Any CPU.Build.0 = Release|Any CPU
        {4cd02d23-aced-4f83-b454-b933e82597c5}.Debug|Any CPU.ActiveCfg = Debug|Any CPU
        {4cd02d23-aced-4f83-b454-b933e82597c5}.Debug|Any CPU.Build.0 = Debug|Any CPU
        {4cd02d23-aced-4f83-b454-b933e82597c5}.Release|Any CPU.ActiveCfg = Release|Any CPU
        {4cd02d23-aced-4f83-b454-b933e82597c5}.Release|Any CPU.Build.0 = Release|Any CPU
    EndGlobalSection
    GlobalSection(SolutionProperties) = preSolution
        HideSolutionNode = FALSE
    EndGlobalSection
EndGlobal
